
Microsoft Visual Studio Solution File, Format Version 12.00
# Visual Studio 15
VisualStudioVersion = 15.0.27004.2005
MinimumVisualStudioVersion = 10.0.40219.1
Project("{FAE04EC0-301F-11D3-BF4B-00C04F79EFBC}") = "CustomerRecognition.Common", "CustomerRecognition.Common\CustomerRecognition.Common.csproj", "{537EBB9C-8082-4872-896B-376B7B4D9EF2}"
EndProject
Project("{FAE04EC0-301F-11D3-BF4B-00C04F79EFBC}") = "CustomerRecognition.Functions", "CustomerRecognition.Functions\CustomerRecognition.Functions.csproj", "{EDBC7888-8F3F-44FE-BBF2-0EA9F9092C5B}"
EndProject
Project("{FAE04EC0-301F-11D3-BF4B-00C04F79EFBC}") = "Microsoft.ProjectOxford.Face", "ProjectOxfordFace\Microsoft.ProjectOxford.Face.csproj", "{25D58BA5-660F-407B-803C-22B4547C09DC}"
EndProject
Project("{FAE04EC0-301F-11D3-BF4B-00C04F79EFBC}") = "CustomerRecognition.Forms", "CustomerRecognition.Forms\CustomerRecognition.Forms.csproj", "{E86B732A-5C92-42E8-9367-5F9310A3CB61}"
EndProject
Project("{FAE04EC0-301F-11D3-BF4B-00C04F79EFBC}") = "CustomerRecognition.Droid", "CustomerRecognition.Droid\CustomerRecognition.Droid.csproj", "{74DD6784-20D4-4465-BD54-52A9CA19A3F8}"
EndProject
Project("{FAE04EC0-301F-11D3-BF4B-00C04F79EFBC}") = "CustomerRecognition.iOS", "CustomerRecognition.iOS\CustomerRecognition.iOS.csproj", "{9BEEC248-5129-430E-A69A-D4F5DDAC0F9B}"
EndProject
Project("{FAE04EC0-301F-11D3-BF4B-00C04F79EFBC}") = "CustomerRecognition.UWP", "CustomerRecognition.UWP\CustomerRecognition.UWP.csproj", "{EFB1ED9E-DC7B-41AB-9976-6A05C1AAA364}"
EndProject
Global
	GlobalSection(SolutionConfigurationPlatforms) = preSolution
		Debug|Any CPU = Debug|Any CPU
		Debug|ARM = Debug|ARM
		Debug|iPhone = Debug|iPhone
		Debug|iPhoneSimulator = Debug|iPhoneSimulator
		Debug|x64 = Debug|x64
		Debug|x86 = Debug|x86
		Release|Any CPU = Release|Any CPU
		Release|ARM = Release|ARM
		Release|iPhone = Release|iPhone
		Release|iPhoneSimulator = Release|iPhoneSimulator
		Release|x64 = Release|x64
		Release|x86 = Release|x86
	EndGlobalSection
	GlobalSection(ProjectConfigurationPlatforms) = postSolution
		{537EBB9C-8082-4872-896B-376B7B4D9EF2}.Debug|Any CPU.ActiveCfg = Debug|Any CPU
		{537EBB9C-8082-4872-896B-376B7B4D9EF2}.Debug|Any CPU.Build.0 = Debug|Any CPU
		{537EBB9C-8082-4872-896B-376B7B4D9EF2}.Debug|ARM.ActiveCfg = Debug|Any CPU
		{537EBB9C-8082-4872-896B-376B7B4D9EF2}.Debug|ARM.Build.0 = Debug|Any CPU
		{537EBB9C-8082-4872-896B-376B7B4D9EF2}.Debug|iPhone.ActiveCfg = Debug|Any CPU
		{537EBB9C-8082-4872-896B-376B7B4D9EF2}.Debug|iPhone.Build.0 = Debug|Any CPU
		{537EBB9C-8082-4872-896B-376B7B4D9EF2}.Debug|iPhoneSimulator.ActiveCfg = Debug|Any CPU
		{537EBB9C-8082-4872-896B-376B7B4D9EF2}.Debug|iPhoneSimulator.Build.0 = Debug|Any CPU
		{537EBB9C-8082-4872-896B-376B7B4D9EF2}.Debug|x64.ActiveCfg = Debug|Any CPU
		{537EBB9C-8082-4872-896B-376B7B4D9EF2}.Debug|x64.Build.0 = Debug|Any CPU
		{537EBB9C-8082-4872-896B-376B7B4D9EF2}.Debug|x86.ActiveCfg = Debug|Any CPU
		{537EBB9C-8082-4872-896B-376B7B4D9EF2}.Debug|x86.Build.0 = Debug|Any CPU
		{537EBB9C-8082-4872-896B-376B7B4D9EF2}.Release|Any CPU.ActiveCfg = Release|Any CPU
		{537EBB9C-8082-4872-896B-376B7B4D9EF2}.Release|Any CPU.Build.0 = Release|Any CPU
		{537EBB9C-8082-4872-896B-376B7B4D9EF2}.Release|ARM.ActiveCfg = Release|Any CPU
		{537EBB9C-8082-4872-896B-376B7B4D9EF2}.Release|ARM.Build.0 = Release|Any CPU
		{537EBB9C-8082-4872-896B-376B7B4D9EF2}.Release|iPhone.ActiveCfg = Release|Any CPU
		{537EBB9C-8082-4872-896B-376B7B4D9EF2}.Release|iPhone.Build.0 = Release|Any CPU
		{537EBB9C-8082-4872-896B-376B7B4D9EF2}.Release|iPhoneSimulator.ActiveCfg = Release|Any CPU
		{537EBB9C-8082-4872-896B-376B7B4D9EF2}.Release|iPhoneSimulator.Build.0 = Release|Any CPU
		{537EBB9C-8082-4872-896B-376B7B4D9EF2}.Release|x64.ActiveCfg = Release|Any CPU
		{537EBB9C-8082-4872-896B-376B7B4D9EF2}.Release|x64.Build.0 = Release|Any CPU
		{537EBB9C-8082-4872-896B-376B7B4D9EF2}.Release|x86.ActiveCfg = Release|Any CPU
		{537EBB9C-8082-4872-896B-376B7B4D9EF2}.Release|x86.Build.0 = Release|Any CPU
		{EDBC7888-8F3F-44FE-BBF2-0EA9F9092C5B}.Debug|Any CPU.ActiveCfg = Debug|Any CPU
		{EDBC7888-8F3F-44FE-BBF2-0EA9F9092C5B}.Debug|Any CPU.Build.0 = Debug|Any CPU
		{EDBC7888-8F3F-44FE-BBF2-0EA9F9092C5B}.Debug|ARM.ActiveCfg = Debug|Any CPU
		{EDBC7888-8F3F-44FE-BBF2-0EA9F9092C5B}.Debug|ARM.Build.0 = Debug|Any CPU
		{EDBC7888-8F3F-44FE-BBF2-0EA9F9092C5B}.Debug|iPhone.ActiveCfg = Debug|Any CPU
		{EDBC7888-8F3F-44FE-BBF2-0EA9F9092C5B}.Debug|iPhone.Build.0 = Debug|Any CPU
		{EDBC7888-8F3F-44FE-BBF2-0EA9F9092C5B}.Debug|iPhoneSimulator.ActiveCfg = Debug|Any CPU
		{EDBC7888-8F3F-44FE-BBF2-0EA9F9092C5B}.Debug|iPhoneSimulator.Build.0 = Debug|Any CPU
		{EDBC7888-8F3F-44FE-BBF2-0EA9F9092C5B}.Debug|x64.ActiveCfg = Debug|Any CPU
		{EDBC7888-8F3F-44FE-BBF2-0EA9F9092C5B}.Debug|x64.Build.0 = Debug|Any CPU
		{EDBC7888-8F3F-44FE-BBF2-0EA9F9092C5B}.Debug|x86.ActiveCfg = Debug|Any CPU
		{EDBC7888-8F3F-44FE-BBF2-0EA9F9092C5B}.Debug|x86.Build.0 = Debug|Any CPU
		{EDBC7888-8F3F-44FE-BBF2-0EA9F9092C5B}.Release|Any CPU.ActiveCfg = Release|Any CPU
		{EDBC7888-8F3F-44FE-BBF2-0EA9F9092C5B}.Release|Any CPU.Build.0 = Release|Any CPU
		{EDBC7888-8F3F-44FE-BBF2-0EA9F9092C5B}.Release|ARM.ActiveCfg = Release|Any CPU
		{EDBC7888-8F3F-44FE-BBF2-0EA9F9092C5B}.Release|ARM.Build.0 = Release|Any CPU
		{EDBC7888-8F3F-44FE-BBF2-0EA9F9092C5B}.Release|iPhone.ActiveCfg = Release|Any CPU
		{EDBC7888-8F3F-44FE-BBF2-0EA9F9092C5B}.Release|iPhone.Build.0 = Release|Any CPU
		{EDBC7888-8F3F-44FE-BBF2-0EA9F9092C5B}.Release|iPhoneSimulator.ActiveCfg = Release|Any CPU
		{EDBC7888-8F3F-44FE-BBF2-0EA9F9092C5B}.Release|iPhoneSimulator.Build.0 = Release|Any CPU
		{EDBC7888-8F3F-44FE-BBF2-0EA9F9092C5B}.Release|x64.ActiveCfg = Release|Any CPU
		{EDBC7888-8F3F-44FE-BBF2-0EA9F9092C5B}.Release|x64.Build.0 = Release|Any CPU
		{EDBC7888-8F3F-44FE-BBF2-0EA9F9092C5B}.Release|x86.ActiveCfg = Release|Any CPU
		{EDBC7888-8F3F-44FE-BBF2-0EA9F9092C5B}.Release|x86.Build.0 = Release|Any CPU
		{25D58BA5-660F-407B-803C-22B4547C09DC}.Debug|Any CPU.ActiveCfg = Debug|Any CPU
		{25D58BA5-660F-407B-803C-22B4547C09DC}.Debug|Any CPU.Build.0 = Debug|Any CPU
		{25D58BA5-660F-407B-803C-22B4547C09DC}.Debug|ARM.ActiveCfg = Debug|Any CPU
		{25D58BA5-660F-407B-803C-22B4547C09DC}.Debug|ARM.Build.0 = Debug|Any CPU
		{25D58BA5-660F-407B-803C-22B4547C09DC}.Debug|iPhone.ActiveCfg = Debug|Any CPU
		{25D58BA5-660F-407B-803C-22B4547C09DC}.Debug|iPhone.Build.0 = Debug|Any CPU
		{25D58BA5-660F-407B-803C-22B4547C09DC}.Debug|iPhoneSimulator.ActiveCfg = Debug|Any CPU
		{25D58BA5-660F-407B-803C-22B4547C09DC}.Debug|iPhoneSimulator.Build.0 = Debug|Any CPU
		{25D58BA5-660F-407B-803C-22B4547C09DC}.Debug|x64.ActiveCfg = Debug|Any CPU
		{25D58BA5-660F-407B-803C-22B4547C09DC}.Debug|x64.Build.0 = Debug|Any CPU
		{25D58BA5-660F-407B-803C-22B4547C09DC}.Debug|x86.ActiveCfg = Debug|Any CPU
		{25D58BA5-660F-407B-803C-22B4547C09DC}.Debug|x86.Build.0 = Debug|Any CPU
		{25D58BA5-660F-407B-803C-22B4547C09DC}.Release|Any CPU.ActiveCfg = Release|Any CPU
		{25D58BA5-660F-407B-803C-22B4547C09DC}.Release|Any CPU.Build.0 = Release|Any CPU
		{25D58BA5-660F-407B-803C-22B4547C09DC}.Release|ARM.ActiveCfg = Release|Any CPU
		{25D58BA5-660F-407B-803C-22B4547C09DC}.Release|ARM.Build.0 = Release|Any CPU
		{25D58BA5-660F-407B-803C-22B4547C09DC}.Release|iPhone.ActiveCfg = Release|Any CPU
		{25D58BA5-660F-407B-803C-22B4547C09DC}.Release|iPhone.Build.0 = Release|Any CPU
		{25D58BA5-660F-407B-803C-22B4547C09DC}.Release|iPhoneSimulator.ActiveCfg = Release|Any CPU
		{25D58BA5-660F-407B-803C-22B4547C09DC}.Release|iPhoneSimulator.Build.0 = Release|Any CPU
		{25D58BA5-660F-407B-803C-22B4547C09DC}.Release|x64.ActiveCfg = Release|Any CPU
		{25D58BA5-660F-407B-803C-22B4547C09DC}.Release|x64.Build.0 = Release|Any CPU
		{25D58BA5-660F-407B-803C-22B4547C09DC}.Release|x86.ActiveCfg = Release|Any CPU
		{25D58BA5-660F-407B-803C-22B4547C09DC}.Release|x86.Build.0 = Release|Any CPU
		{E86B732A-5C92-42E8-9367-5F9310A3CB61}.Debug|Any CPU.ActiveCfg = Debug|Any CPU
		{E86B732A-5C92-42E8-9367-5F9310A3CB61}.Debug|Any CPU.Build.0 = Debug|Any CPU
		{E86B732A-5C92-42E8-9367-5F9310A3CB61}.Debug|ARM.ActiveCfg = Debug|Any CPU
		{E86B732A-5C92-42E8-9367-5F9310A3CB61}.Debug|ARM.Build.0 = Debug|Any CPU
		{E86B732A-5C92-42E8-9367-5F9310A3CB61}.Debug|iPhone.ActiveCfg = Debug|Any CPU
		{E86B732A-5C92-42E8-9367-5F9310A3CB61}.Debug|iPhone.Build.0 = Debug|Any CPU
		{E86B732A-5C92-42E8-9367-5F9310A3CB61}.Debug|iPhoneSimulator.ActiveCfg = Debug|Any CPU
		{E86B732A-5C92-42E8-9367-5F9310A3CB61}.Debug|iPhoneSimulator.Build.0 = Debug|Any CPU
		{E86B732A-5C92-42E8-9367-5F9310A3CB61}.Debug|x64.ActiveCfg = Debug|Any CPU
		{E86B732A-5C92-42E8-9367-5F9310A3CB61}.Debug|x64.Build.0 = Debug|Any CPU
		{E86B732A-5C92-42E8-9367-5F9310A3CB61}.Debug|x86.ActiveCfg = Debug|Any CPU
		{E86B732A-5C92-42E8-9367-5F9310A3CB61}.Debug|x86.Build.0 = Debug|Any CPU
		{E86B732A-5C92-42E8-9367-5F9310A3CB61}.Release|Any CPU.ActiveCfg = Release|Any CPU
		{E86B732A-5C92-42E8-9367-5F9310A3CB61}.Release|Any CPU.Build.0 = Release|Any CPU
		{E86B732A-5C92-42E8-9367-5F9310A3CB61}.Release|ARM.ActiveCfg = Release|Any CPU
		{E86B732A-5C92-42E8-9367-5F9310A3CB61}.Release|ARM.Build.0 = Release|Any CPU
		{E86B732A-5C92-42E8-9367-5F9310A3CB61}.Release|iPhone.ActiveCfg = Release|Any CPU
		{E86B732A-5C92-42E8-9367-5F9310A3CB61}.Release|iPhone.Build.0 = Release|Any CPU
		{E86B732A-5C92-42E8-9367-5F9310A3CB61}.Release|iPhoneSimulator.ActiveCfg = Release|Any CPU
		{E86B732A-5C92-42E8-9367-5F9310A3CB61}.Release|iPhoneSimulator.Build.0 = Release|Any CPU
		{E86B732A-5C92-42E8-9367-5F9310A3CB61}.Release|x64.ActiveCfg = Release|Any CPU
		{E86B732A-5C92-42E8-9367-5F9310A3CB61}.Release|x64.Build.0 = Release|Any CPU
		{E86B732A-5C92-42E8-9367-5F9310A3CB61}.Release|x86.ActiveCfg = Release|Any CPU
		{E86B732A-5C92-42E8-9367-5F9310A3CB61}.Release|x86.Build.0 = Release|Any CPU
		{74DD6784-20D4-4465-BD54-52A9CA19A3F8}.Debug|Any CPU.ActiveCfg = Debug|Any CPU
		{74DD6784-20D4-4465-BD54-52A9CA19A3F8}.Debug|Any CPU.Build.0 = Debug|Any CPU
		{74DD6784-20D4-4465-BD54-52A9CA19A3F8}.Debug|ARM.ActiveCfg = Debug|Any CPU
		{74DD6784-20D4-4465-BD54-52A9CA19A3F8}.Debug|iPhone.ActiveCfg = Debug|Any CPU
		{74DD6784-20D4-4465-BD54-52A9CA19A3F8}.Debug|iPhone.Build.0 = Debug|Any CPU
		{74DD6784-20D4-4465-BD54-52A9CA19A3F8}.Debug|iPhoneSimulator.ActiveCfg = Debug|Any CPU
		{74DD6784-20D4-4465-BD54-52A9CA19A3F8}.Debug|iPhoneSimulator.Build.0 = Debug|Any CPU
		{74DD6784-20D4-4465-BD54-52A9CA19A3F8}.Debug|x64.ActiveCfg = Debug|Any CPU
		{74DD6784-20D4-4465-BD54-52A9CA19A3F8}.Debug|x86.ActiveCfg = Debug|Any CPU
		{74DD6784-20D4-4465-BD54-52A9CA19A3F8}.Release|Any CPU.ActiveCfg = Release|Any CPU
		{74DD6784-20D4-4465-BD54-52A9CA19A3F8}.Release|Any CPU.Build.0 = Release|Any CPU
		{74DD6784-20D4-4465-BD54-52A9CA19A3F8}.Release|ARM.ActiveCfg = Release|Any CPU
		{74DD6784-20D4-4465-BD54-52A9CA19A3F8}.Release|iPhone.ActiveCfg = Release|Any CPU
		{74DD6784-20D4-4465-BD54-52A9CA19A3F8}.Release|iPhone.Build.0 = Release|Any CPU
		{74DD6784-20D4-4465-BD54-52A9CA19A3F8}.Release|iPhoneSimulator.ActiveCfg = Release|Any CPU
		{74DD6784-20D4-4465-BD54-52A9CA19A3F8}.Release|iPhoneSimulator.Build.0 = Release|Any CPU
		{74DD6784-20D4-4465-BD54-52A9CA19A3F8}.Release|x64.ActiveCfg = Release|Any CPU
		{74DD6784-20D4-4465-BD54-52A9CA19A3F8}.Release|x86.ActiveCfg = Release|Any CPU
		{9BEEC248-5129-430E-A69A-D4F5DDAC0F9B}.Debug|Any CPU.ActiveCfg = Debug|iPhoneSimulator
		{9BEEC248-5129-430E-A69A-D4F5DDAC0F9B}.Debug|Any CPU.Build.0 = Debug|iPhoneSimulator
		{9BEEC248-5129-430E-A69A-D4F5DDAC0F9B}.Debug|ARM.ActiveCfg = Debug|iPhone
		{9BEEC248-5129-430E-A69A-D4F5DDAC0F9B}.Debug|iPhone.ActiveCfg = Debug|iPhone
		{9BEEC248-5129-430E-A69A-D4F5DDAC0F9B}.Debug|iPhone.Build.0 = Debug|iPhone
		{9BEEC248-5129-430E-A69A-D4F5DDAC0F9B}.Debug|iPhoneSimulator.ActiveCfg = Debug|iPhoneSimulator
		{9BEEC248-5129-430E-A69A-D4F5DDAC0F9B}.Debug|iPhoneSimulator.Build.0 = Debug|iPhoneSimulator
		{9BEEC248-5129-430E-A69A-D4F5DDAC0F9B}.Debug|x64.ActiveCfg = Debug|iPhone
		{9BEEC248-5129-430E-A69A-D4F5DDAC0F9B}.Debug|x86.ActiveCfg = Debug|iPhone
		{9BEEC248-5129-430E-A69A-D4F5DDAC0F9B}.Release|Any CPU.ActiveCfg = Release|iPhone
		{9BEEC248-5129-430E-A69A-D4F5DDAC0F9B}.Release|Any CPU.Build.0 = Release|iPhone
		{9BEEC248-5129-430E-A69A-D4F5DDAC0F9B}.Release|ARM.ActiveCfg = Release|iPhoneSimulator
		{9BEEC248-5129-430E-A69A-D4F5DDAC0F9B}.Release|iPhone.ActiveCfg = Release|iPhone
		{9BEEC248-5129-430E-A69A-D4F5DDAC0F9B}.Release|iPhone.Build.0 = Release|iPhone
		{9BEEC248-5129-430E-A69A-D4F5DDAC0F9B}.Release|iPhoneSimulator.ActiveCfg = Release|iPhoneSimulator
		{9BEEC248-5129-430E-A69A-D4F5DDAC0F9B}.Release|iPhoneSimulator.Build.0 = Release|iPhoneSimulator
		{9BEEC248-5129-430E-A69A-D4F5DDAC0F9B}.Release|x64.ActiveCfg = Release|iPhoneSimulator
		{9BEEC248-5129-430E-A69A-D4F5DDAC0F9B}.Release|x86.ActiveCfg = Release|iPhoneSimulator
		{EFB1ED9E-DC7B-41AB-9976-6A05C1AAA364}.Debug|Any CPU.ActiveCfg = Debug|x86
		{EFB1ED9E-DC7B-41AB-9976-6A05C1AAA364}.Debug|Any CPU.Build.0 = Debug|x86
		{EFB1ED9E-DC7B-41AB-9976-6A05C1AAA364}.Debug|Any CPU.Deploy.0 = Debug|x86
		{EFB1ED9E-DC7B-41AB-9976-6A05C1AAA364}.Debug|ARM.ActiveCfg = Debug|ARM
		{EFB1ED9E-DC7B-41AB-9976-6A05C1AAA364}.Debug|ARM.Build.0 = Debug|ARM
		{EFB1ED9E-DC7B-41AB-9976-6A05C1AAA364}.Debug|ARM.Deploy.0 = Debug|ARM
		{EFB1ED9E-DC7B-41AB-9976-6A05C1AAA364}.Debug|iPhone.ActiveCfg = Debug|x86
		{EFB1ED9E-DC7B-41AB-9976-6A05C1AAA364}.Debug|iPhoneSimulator.ActiveCfg = Debug|x86
		{EFB1ED9E-DC7B-41AB-9976-6A05C1AAA364}.Debug|x64.ActiveCfg = Debug|x64
		{EFB1ED9E-DC7B-41AB-9976-6A05C1AAA364}.Debug|x64.Build.0 = Debug|x64
		{EFB1ED9E-DC7B-41AB-9976-6A05C1AAA364}.Debug|x64.Deploy.0 = Debug|x64
		{EFB1ED9E-DC7B-41AB-9976-6A05C1AAA364}.Debug|x86.ActiveCfg = Debug|x86
		{EFB1ED9E-DC7B-41AB-9976-6A05C1AAA364}.Debug|x86.Build.0 = Debug|x86
		{EFB1ED9E-DC7B-41AB-9976-6A05C1AAA364}.Debug|x86.Deploy.0 = Debug|x86
		{EFB1ED9E-DC7B-41AB-9976-6A05C1AAA364}.Release|Any CPU.ActiveCfg = Release|x86
		{EFB1ED9E-DC7B-41AB-9976-6A05C1AAA364}.Release|ARM.ActiveCfg = Release|ARM
		{EFB1ED9E-DC7B-41AB-9976-6A05C1AAA364}.Release|ARM.Build.0 = Release|ARM
		{EFB1ED9E-DC7B-41AB-9976-6A05C1AAA364}.Release|ARM.Deploy.0 = Release|ARM
		{EFB1ED9E-DC7B-41AB-9976-6A05C1AAA364}.Release|iPhone.ActiveCfg = Release|x86
		{EFB1ED9E-DC7B-41AB-9976-6A05C1AAA364}.Release|iPhoneSimulator.ActiveCfg = Release|x86
		{EFB1ED9E-DC7B-41AB-9976-6A05C1AAA364}.Release|x64.ActiveCfg = Release|x64
		{EFB1ED9E-DC7B-41AB-9976-6A05C1AAA364}.Release|x64.Build.0 = Release|x64
		{EFB1ED9E-DC7B-41AB-9976-6A05C1AAA364}.Release|x64.Deploy.0 = Release|x64
		{EFB1ED9E-DC7B-41AB-9976-6A05C1AAA364}.Release|x86.ActiveCfg = Release|x86
		{EFB1ED9E-DC7B-41AB-9976-6A05C1AAA364}.Release|x86.Build.0 = Release|x86
		{EFB1ED9E-DC7B-41AB-9976-6A05C1AAA364}.Release|x86.Deploy.0 = Release|x86
	EndGlobalSection
	GlobalSection(SolutionProperties) = preSolution
		HideSolutionNode = FALSE
	EndGlobalSection
	GlobalSection(ExtensibilityGlobals) = postSolution
		SolutionGuid = {8CF15AA7-1B8B-4F58-A4EC-A90CA20907D2}
	EndGlobalSection
EndGlobal
